// !$*UTF8*$!
{
	archiveVersion = 1;
	classes = {
	};
	objectVersion = 46;
	objects = {

/* Begin PBXBuildFile section */
		634A8BCD1A71333600F26528 /* AppDelegate.swift in Sources */ = {isa = PBXBuildFile; fileRef = 634A8BCC1A71333600F26528 /* AppDelegate.swift */; };
		634A8BCF1A71333600F26528 /* LandingViewController.swift in Sources */ = {isa = PBXBuildFile; fileRef = 634A8BCE1A71333600F26528 /* LandingViewController.swift */; };
		634A8BD21A71333600F26528 /* Main.storyboard in Resources */ = {isa = PBXBuildFile; fileRef = 634A8BD01A71333600F26528 /* Main.storyboard */; };
		634A8BD41A71333600F26528 /* Images.xcassets in Resources */ = {isa = PBXBuildFile; fileRef = 634A8BD31A71333600F26528 /* Images.xcassets */; };
		634A8BD71A71333600F26528 /* LaunchScreen.xib in Resources */ = {isa = PBXBuildFile; fileRef = 634A8BD51A71333600F26528 /* LaunchScreen.xib */; };
		634A8BE31A71333600F26528 /* PedalTests.swift in Sources */ = {isa = PBXBuildFile; fileRef = 634A8BE21A71333600F26528 /* PedalTests.swift */; };
		634A8BF21A71371600F26528 /* SignUpViewController.swift in Sources */ = {isa = PBXBuildFile; fileRef = 634A8BF11A71371600F26528 /* SignUpViewController.swift */; };
		634A8BF31A71371600F26528 /* SignUpViewController.swift in Sources */ = {isa = PBXBuildFile; fileRef = 634A8BF11A71371600F26528 /* SignUpViewController.swift */; };
		634A8BF51A71372200F26528 /* SignInViewController.swift in Sources */ = {isa = PBXBuildFile; fileRef = 634A8BF41A71372200F26528 /* SignInViewController.swift */; };
		634A8BF61A71372200F26528 /* SignInViewController.swift in Sources */ = {isa = PBXBuildFile; fileRef = 634A8BF41A71372200F26528 /* SignInViewController.swift */; };
/* End PBXBuildFile section */

/* Begin PBXContainerItemProxy section */
		634A8BDD1A71333600F26528 /* PBXContainerItemProxy */ = {
			isa = PBXContainerItemProxy;
			containerPortal = 634A8BBF1A71333600F26528 /* Project object */;
			proxyType = 1;
			remoteGlobalIDString = 634A8BC61A71333600F26528;
			remoteInfo = Pedal;
		};
/* End PBXContainerItemProxy section */

/* Begin PBXFileReference section */
		634A8BC71A71333600F26528 /* Pedal.app */ = {isa = PBXFileReference; explicitFileType = wrapper.application; includeInIndex = 0; path = Pedal.app; sourceTree = BUILT_PRODUCTS_DIR; };
		634A8BCB1A71333600F26528 /* Info.plist */ = {isa = PBXFileReference; lastKnownFileType = text.plist.xml; path = Info.plist; sourceTree = "<group>"; };
		634A8BCC1A71333600F26528 /* AppDelegate.swift */ = {isa = PBXFileReference; lastKnownFileType = sourcecode.swift; name = AppDelegate.swift; path = ../../AppDelegate.swift; sourceTree = "<group>"; };
		634A8BCE1A71333600F26528 /* LandingViewController.swift */ = {isa = PBXFileReference; lastKnownFileType = sourcecode.swift; name = LandingViewController.swift; path = ../../LandingViewController.swift; sourceTree = "<group>"; };
		634A8BD11A71333600F26528 /* Base */ = {isa = PBXFileReference; lastKnownFileType = file.storyboard; name = Base; path = Base.lproj/Main.storyboard; sourceTree = "<group>"; };
		634A8BD31A71333600F26528 /* Images.xcassets */ = {isa = PBXFileReference; lastKnownFileType = folder.assetcatalog; path = Images.xcassets; sourceTree = "<group>"; };
		634A8BD61A71333600F26528 /* Base */ = {isa = PBXFileReference; lastKnownFileType = file.xib; name = Base; path = Base.lproj/LaunchScreen.xib; sourceTree = "<group>"; };
		634A8BDC1A71333600F26528 /* PedalTests.xctest */ = {isa = PBXFileReference; explicitFileType = wrapper.cfbundle; includeInIndex = 0; path = PedalTests.xctest; sourceTree = BUILT_PRODUCTS_DIR; };
		634A8BE11A71333600F26528 /* Info.plist */ = {isa = PBXFileReference; lastKnownFileType = text.plist.xml; path = Info.plist; sourceTree = "<group>"; };
		634A8BE21A71333600F26528 /* PedalTests.swift */ = {isa = PBXFileReference; lastKnownFileType = sourcecode.swift; path = PedalTests.swift; sourceTree = "<group>"; };
		634A8BF11A71371600F26528 /* SignUpViewController.swift */ = {isa = PBXFileReference; fileEncoding = 4; lastKnownFileType = sourcecode.swift; path = SignUpViewController.swift; sourceTree = "<group>"; };
		634A8BF41A71372200F26528 /* SignInViewController.swift */ = {isa = PBXFileReference; fileEncoding = 4; lastKnownFileType = sourcecode.swift; path = SignInViewController.swift; sourceTree = "<group>"; };
/* End PBXFileReference section */

/* Begin PBXFrameworksBuildPhase section */
		634A8BC41A71333600F26528 /* Frameworks */ = {
			isa = PBXFrameworksBuildPhase;
			buildActionMask = 2147483647;
			files = (
			);
			runOnlyForDeploymentPostprocessing = 0;
		};
		634A8BD91A71333600F26528 /* Frameworks */ = {
			isa = PBXFrameworksBuildPhase;
			buildActionMask = 2147483647;
			files = (
			);
			runOnlyForDeploymentPostprocessing = 0;
		};
/* End PBXFrameworksBuildPhase section */

/* Begin PBXGroup section */
		634A8BBE1A71333600F26528 = {
			isa = PBXGroup;
			children = (
				634A8BC91A71333600F26528 /* Pedal */,
				634A8BDF1A71333600F26528 /* PedalTests */,
				634A8BC81A71333600F26528 /* Products */,
			);
			sourceTree = "<group>";
		};
		634A8BC81A71333600F26528 /* Products */ = {
			isa = PBXGroup;
			children = (
				634A8BC71A71333600F26528 /* Pedal.app */,
				634A8BDC1A71333600F26528 /* PedalTests.xctest */,
			);
			name = Products;
			sourceTree = "<group>";
		};
		634A8BC91A71333600F26528 /* Pedal */ = {
			isa = PBXGroup;
			children = (
				634A8BEC1A71344B00F26528 /* Source */,
				634A8BD01A71333600F26528 /* Main.storyboard */,
				634A8BD31A71333600F26528 /* Images.xcassets */,
				634A8BD51A71333600F26528 /* LaunchScreen.xib */,
				634A8BCA1A71333600F26528 /* Supporting Files */,
			);
			path = Pedal;
			sourceTree = "<group>";
		};
		634A8BCA1A71333600F26528 /* Supporting Files */ = {
			isa = PBXGroup;
			children = (
				634A8BCB1A71333600F26528 /* Info.plist */,
			);
			name = "Supporting Files";
			sourceTree = "<group>";
		};
		634A8BDF1A71333600F26528 /* PedalTests */ = {
			isa = PBXGroup;
			children = (
				634A8BE21A71333600F26528 /* PedalTests.swift */,
				634A8BE01A71333600F26528 /* Supporting Files */,
			);
			path = PedalTests;
			sourceTree = "<group>";
		};
		634A8BE01A71333600F26528 /* Supporting Files */ = {
			isa = PBXGroup;
			children = (
				634A8BE11A71333600F26528 /* Info.plist */,
			);
			name = "Supporting Files";
			sourceTree = "<group>";
		};
		634A8BEC1A71344B00F26528 /* Source */ = {
			isa = PBXGroup;
			children = (
				634A8BF01A71346300F26528 /* Bootstrapping */,
				634A8BED1A71344B00F26528 /* Controllers */,
				634A8BEE1A71344B00F26528 /* Models */,
				634A8BEF1A71344B00F26528 /* Views */,
			);
			path = Source;
			sourceTree = "<group>";
		};
		634A8BED1A71344B00F26528 /* Controllers */ = {
			isa = PBXGroup;
			children = (
				634A8BCE1A71333600F26528 /* LandingViewController.swift */,
				634A8BF11A71371600F26528 /* SignUpViewController.swift */,
				634A8BF41A71372200F26528 /* SignInViewController.swift */,
			);
			path = Controllers;
			sourceTree = "<group>";
		};
		634A8BEE1A71344B00F26528 /* Models */ = {
			isa = PBXGroup;
			children = (
			);
			path = Models;
			sourceTree = "<group>";
		};
		634A8BEF1A71344B00F26528 /* Views */ = {
			isa = PBXGroup;
			children = (
			);
			path = Views;
			sourceTree = "<group>";
		};
		634A8BF01A71346300F26528 /* Bootstrapping */ = {
			isa = PBXGroup;
			children = (
				634A8BCC1A71333600F26528 /* AppDelegate.swift */,
			);
			path = Bootstrapping;
			sourceTree = "<group>";
		};
/* End PBXGroup section */

/* Begin PBXNativeTarget section */
		634A8BC61A71333600F26528 /* Pedal */ = {
			isa = PBXNativeTarget;
			buildConfigurationList = 634A8BE61A71333600F26528 /* Build configuration list for PBXNativeTarget "Pedal" */;
			buildPhases = (
				634A8BC31A71333600F26528 /* Sources */,
				634A8BC41A71333600F26528 /* Frameworks */,
				634A8BC51A71333600F26528 /* Resources */,
			);
			buildRules = (
			);
			dependencies = (
			);
			name = Pedal;
			productName = Pedal;
			productReference = 634A8BC71A71333600F26528 /* Pedal.app */;
			productType = "com.apple.product-type.application";
		};
		634A8BDB1A71333600F26528 /* PedalTests */ = {
			isa = PBXNativeTarget;
			buildConfigurationList = 634A8BE91A71333600F26528 /* Build configuration list for PBXNativeTarget "PedalTests" */;
			buildPhases = (
				634A8BD81A71333600F26528 /* Sources */,
				634A8BD91A71333600F26528 /* Frameworks */,
				634A8BDA1A71333600F26528 /* Resources */,
			);
			buildRules = (
			);
			dependencies = (
				634A8BDE1A71333600F26528 /* PBXTargetDependency */,
			);
			name = PedalTests;
			productName = PedalTests;
			productReference = 634A8BDC1A71333600F26528 /* PedalTests.xctest */;
			productType = "com.apple.product-type.bundle.unit-test";
		};
/* End PBXNativeTarget section */

/* Begin PBXProject section */
		634A8BBF1A71333600F26528 /* Project object */ = {
			isa = PBXProject;
			attributes = {
				LastUpgradeCheck = 0610;
				ORGANIZATIONNAME = "Ignacio Rodrigo";
				TargetAttributes = {
					634A8BC61A71333600F26528 = {
						CreatedOnToolsVersion = 6.1.1;
					};
					634A8BDB1A71333600F26528 = {
						CreatedOnToolsVersion = 6.1.1;
						TestTargetID = 634A8BC61A71333600F26528;
					};
				};
			};
			buildConfigurationList = 634A8BC21A71333600F26528 /* Build configuration list for PBXProject "Pedal" */;
			compatibilityVersion = "Xcode 3.2";
			developmentRegion = English;
			hasScannedForEncodings = 0;
			knownRegions = (
				en,
				Base,
			);
			mainGroup = 634A8BBE1A71333600F26528;
			productRefGroup = 634A8BC81A71333600F26528 /* Products */;
			projectDirPath = "";
			projectRoot = "";
			targets = (
				634A8BC61A71333600F26528 /* Pedal */,
				634A8BDB1A71333600F26528 /* PedalTests */,
			);
		};
/* End PBXProject section */

/* Begin PBXResourcesBuildPhase section */
		634A8BC51A71333600F26528 /* Resources */ = {
			isa = PBXResourcesBuildPhase;
			buildActionMask = 2147483647;
			files = (
				634A8BD21A71333600F26528 /* Main.storyboard in Resources */,
				634A8BD71A71333600F26528 /* LaunchScreen.xib in Resources */,
				634A8BD41A71333600F26528 /* Images.xcassets in Resources */,
			);
			runOnlyForDeploymentPostprocessing = 0;
		};
		634A8BDA1A71333600F26528 /* Resources */ = {
			isa = PBXResourcesBuildPhase;
			buildActionMask = 2147483647;
			files = (
			);
			runOnlyForDeploymentPostprocessing = 0;
		};
/* End PBXResourcesBuildPhase section */

/* Begin PBXSourcesBuildPhase section */
		634A8BC31A71333600F26528 /* Sources */ = {
			isa = PBXSourcesBuildPhase;
			buildActionMask = 2147483647;
			files = (
				634A8BF51A71372200F26528 /* SignInViewController.swift in Sources */,
				634A8BF21A71371600F26528 /* SignUpViewController.swift in Sources */,
				634A8BCF1A71333600F26528 /* LandingViewController.swift in Sources */,
				634A8BCD1A71333600F26528 /* AppDelegate.swift in Sources */,
			);
			runOnlyForDeploymentPostprocessing = 0;
		};
		634A8BD81A71333600F26528 /* Sources */ = {
			isa = PBXSourcesBuildPhase;
			buildActionMask = 2147483647;
			files = (
				634A8BF31A71371600F26528 /* SignUpViewController.swift in Sources */,
				634A8BE31A71333600F26528 /* PedalTests.swift in Sources */,
				634A8BF61A71372200F26528 /* SignInViewController.swift in Sources */,
			);
			runOnlyForDeploymentPostprocessing = 0;
		};
/* End PBXSourcesBuildPhase section */

/* Begin PBXTargetDependency section */
		634A8BDE1A71333600F26528 /* PBXTargetDependency */ = {
			isa = PBXTargetDependency;
			target = 634A8BC61A71333600F26528 /* Pedal */;
			targetProxy = 634A8BDD1A71333600F26528 /* PBXContainerItemProxy */;
		};
/* End PBXTargetDependency section */

/* Begin PBXVariantGroup section */
		634A8BD01A71333600F26528 /* Main.storyboard */ = {
			isa = PBXVariantGroup;
			children = (
				634A8BD11A71333600F26528 /* Base */,
			);
			name = Main.storyboard;
			sourceTree = "<group>";
		};
		634A8BD51A71333600F26528 /* LaunchScreen.xib */ = {
			isa = PBXVariantGroup;
			children = (
				634A8BD61A71333600F26528 /* Base */,
			);
			name = LaunchScreen.xib;
			sourceTree = "<group>";
		};
/* End PBXVariantGroup section */

/* Begin XCBuildConfiguration section */
		634A8BE41A71333600F26528 /* Debug */ = {
			isa = XCBuildConfiguration;
			buildSettings = {
				ALWAYS_SEARCH_USER_PATHS = NO;
				CLANG_CXX_LANGUAGE_STANDARD = "gnu++0x";
				CLANG_CXX_LIBRARY = "libc++";
				CLANG_ENABLE_MODULES = YES;
				CLANG_ENABLE_OBJC_ARC = YES;
				CLANG_WARN_BOOL_CONVERSION = YES;
				CLANG_WARN_CONSTANT_CONVERSION = YES;
				CLANG_WARN_DIRECT_OBJC_ISA_USAGE = YES_ERROR;
				CLANG_WARN_EMPTY_BODY = YES;
				CLANG_WARN_ENUM_CONVERSION = YES;
				CLANG_WARN_INT_CONVERSION = YES;
				CLANG_WARN_OBJC_ROOT_CLASS = YES_ERROR;
				CLANG_WARN_UNREACHABLE_CODE = YES;
				CLANG_WARN__DUPLICATE_METHOD_MATCH = YES;
				"CODE_SIGN_IDENTITY[sdk=iphoneos*]" = "iPhone Developer";
				COPY_PHASE_STRIP = NO;
				ENABLE_STRICT_OBJC_MSGSEND = YES;
				GCC_C_LANGUAGE_STANDARD = gnu99;
				GCC_DYNAMIC_NO_PIC = NO;
				GCC_OPTIMIZATION_LEVEL = 0;
				GCC_PREPROCESSOR_DEFINITIONS = (
					"DEBUG=1",
					"$(inherited)",
				);
				GCC_SYMBOLS_PRIVATE_EXTERN = NO;
				GCC_WARN_64_TO_32_BIT_CONVERSION = YES;
				GCC_WARN_ABOUT_RETURN_TYPE = YES_ERROR;
				GCC_WARN_UNDECLARED_SELECTOR = YES;
				GCC_WARN_UNINITIALIZED_AUTOS = YES_AGGRESSIVE;
				GCC_WARN_UNUSED_FUNCTION = YES;
				GCC_WARN_UNUSED_VARIABLE = YES;
				IPHONEOS_DEPLOYMENT_TARGET = 8.1;
				MTL_ENABLE_DEBUG_INFO = YES;
				ONLY_ACTIVE_ARCH = YES;
				SDKROOT = iphoneos;
				SWIFT_OPTIMIZATION_LEVEL = "-Onone";
			};
			name = Debug;
		};
		634A8BE51A71333600F26528 /* Release */ = {
			isa = XCBuildConfiguration;
			buildSettings = {
				ALWAYS_SEARCH_USER_PATHS = NO;
				CLANG_CXX_LANGUAGE_STANDARD = "gnu++0x";
				CLANG_CXX_LIBRARY = "libc++";
				CLANG_ENABLE_MODULES = YES;
				CLANG_ENABLE_OBJC_ARC = YES;
				CLANG_WARN_BOOL_CONVERSION = YES;
				CLANG_WARN_CONSTANT_CONVERSION = YES;
				CLANG_WARN_DIRECT_OBJC_ISA_USAGE = YES_ERROR;
				CLANG_WARN_EMPTY_BODY = YES;
				CLANG_WARN_ENUM_CONVERSION = YES;
				CLANG_WARN_INT_CONVERSION = YES;
				CLANG_WARN_OBJC_ROOT_CLASS = YES_ERROR;
				CLANG_WARN_UNREACHABLE_CODE = YES;
				CLANG_WARN__DUPLICATE_METHOD_MATCH = YES;
				"CODE_SIGN_IDENTITY[sdk=iphoneos*]" = "iPhone Developer";
				COPY_PHASE_STRIP = YES;
				ENABLE_NS_ASSERTIONS = NO;
				ENABLE_STRICT_OBJC_MSGSEND = YES;
				GCC_C_LANGUAGE_STANDARD = gnu99;
				GCC_WARN_64_TO_32_BIT_CONVERSION = YES;
				GCC_WARN_ABOUT_RETURN_TYPE = YES_ERROR;
				GCC_WARN_UNDECLARED_SELECTOR = YES;
				GCC_WARN_UNINITIALIZED_AUTOS = YES_AGGRESSIVE;
				GCC_WARN_UNUSED_FUNCTION = YES;
				GCC_WARN_UNUSED_VARIABLE = YES;
				IPHONEOS_DEPLOYMENT_TARGET = 8.1;
				MTL_ENABLE_DEBUG_INFO = NO;
				SDKROOT = iphoneos;
				VALIDATE_PRODUCT = YES;
			};
			name = Release;
		};
		634A8BE71A71333600F26528 /* Debug */ = {
			isa = XCBuildConfiguration;
			buildSettings = {
				ASSETCATALOG_COMPILER_APPICON_NAME = AppIcon;
				INFOPLIST_FILE = Pedal/Info.plist;
				LD_RUNPATH_SEARCH_PATHS = "$(inherited) @executable_path/Frameworks";
				PRODUCT_NAME = "$(TARGET_NAME)";
			};
			name = Debug;
		};
		634A8BE81A71333600F26528 /* Release */ = {
			isa = XCBuildConfiguration;
			buildSettings = {
				ASSETCATALOG_COMPILER_APPICON_NAME = AppIcon;
				INFOPLIST_FILE = Pedal/Info.plist;
				LD_RUNPATH_SEARCH_PATHS = "$(inherited) @executable_path/Frameworks";
				PRODUCT_NAME = "$(TARGET_NAME)";
			};
			name = Release;
		};
		634A8BEA1A71333600F26528 /* Debug */ = {
			isa = XCBuildConfiguration;
			buildSettings = {
				BUNDLE_LOADER = "$(TEST_HOST)";
				FRAMEWORK_SEARCH_PATHS = (
					"$(SDKROOT)/Developer/Library/Frameworks",
					"$(inherited)",
				);
				GCC_PREPROCESSOR_DEFINITIONS = (
					"DEBUG=1",
					"$(inherited)",
				);
				INFOPLIST_FILE = PedalTests/Info.plist;
				LD_RUNPATH_SEARCH_PATHS = "$(inherited) @executable_path/Frameworks @loader_path/Frameworks";
				PRODUCT_NAME = "$(TARGET_NAME)";
				TEST_HOST = "$(BUILT_PRODUCTS_DIR)/Pedal.app/Pedal";
			};
			name = Debug;
		};
		634A8BEB1A71333600F26528 /* Release */ = {
			isa = XCBuildConfiguration;
			buildSettings = {
				BUNDLE_LOADER = "$(TEST_HOST)";
				FRAMEWORK_SEARCH_PATHS = (
					"$(SDKROOT)/Developer/Library/Frameworks",
					"$(inherited)",
				);
				INFOPLIST_FILE = PedalTests/Info.plist;
				LD_RUNPATH_SEARCH_PATHS = "$(inherited) @executable_path/Frameworks @loader_path/Frameworks";
				PRODUCT_NAME = "$(TARGET_NAME)";
				TEST_HOST = "$(BUILT_PRODUCTS_DIR)/Pedal.app/Pedal";
			};
			name = Release;
		};
/* End XCBuildConfiguration section */

/* Begin XCConfigurationList section */
		634A8BC21A71333600F26528 /* Build configuration list for PBXProject "Pedal" */ = {
			isa = XCConfigurationList;
			buildConfigurations = (
				634A8BE41A71333600F26528 /* Debug */,
				634A8BE51A71333600F26528 /* Release */,
			);
			defaultConfigurationIsVisible = 0;
			defaultConfigurationName = Release;
		};
		634A8BE61A71333600F26528 /* Build configuration list for PBXNativeTarget "Pedal" */ = {
			isa = XCConfigurationList;
			buildConfigurations = (
				634A8BE71A71333600F26528 /* Debug */,
				634A8BE81A71333600F26528 /* Release */,
			);
			defaultConfigurationIsVisible = 0;
		};
		634A8BE91A71333600F26528 /* Build configuration list for PBXNativeTarget "PedalTests" */ = {
			isa = XCConfigurationList;
			buildConfigurations = (
				634A8BEA1A71333600F26528 /* Debug */,
				634A8BEB1A71333600F26528 /* Release */,
			);
			defaultConfigurationIsVisible = 0;
		};
/* End XCConfigurationList section */
	};
	rootObject = 634A8BBF1A71333600F26528 /* Project object */;
}
